
Microsoft Visual Studio Solution File, Format Version 12.00
# Visual Studio Version 16
VisualStudioVersion = 16.0.30320.27
MinimumVisualStudioVersion = 10.0.40219.1
Project("{FAE04EC0-301F-11D3-BF4B-00C04F79EFBC}") = "MySuperBank", "MySuperBank.csproj", "{0EE2B1EE-F1D5-4DFA-9A3F-641B8D9ADC06}"
EndProject
Global
	GlobalSection(SolutionConfigurationPlatforms) = preSolution
		Debug|Any CPU = Debug|Any CPU
		Release|Any CPU = Release|Any CPU
	EndGlobalSection
	GlobalSection(ProjectConfigurationPlatforms) = postSolution
		{0EE2B1EE-F1D5-4DFA-9A3F-641B8D9ADC06}.Debug|Any CPU.ActiveCfg = Debug|Any CPU
		{0EE2B1EE-F1D5-4DFA-9A3F-641B8D9ADC06}.Debug|Any CPU.Build.0 = Debug|Any CPU
		{0EE2B1EE-F1D5-4DFA-9A3F-641B8D9ADC06}.Release|Any CPU.ActiveCfg = Release|Any CPU
		{0EE2B1EE-F1D5-4DFA-9A3F-641B8D9ADC06}.Release|Any CPU.Build.0 = Release|Any CPU
	EndGlobalSection
	GlobalSection(SolutionProperties) = preSolution
		HideSolutionNode = FALSE
	EndGlobalSection
	GlobalSection(ExtensibilityGlobals) = postSolution
		SolutionGuid = {38BDED5A-92D0-4F56-A726-787E76D331ED}
	EndGlobalSection
EndGlobal
